PODS:
  - Alamofire (4.5.1)
  - Eureka (3.0.0)
  - MBProgressHUD (1.0.0)
  - MJRefresh (3.1.14)
  - SDWebImage (4.1.2):
    - SDWebImage/Core (= 4.1.2)
  - SDWebImage/Core (4.1.2)
  - SnapKit (4.0.0)
  - SwiftyJSON (3.1.4)
  - YYCategories (1.0.4):
    - YYCategories/no-arc (= 1.0.4)
  - YYCategories/no-arc (1.0.4)

DEPENDENCIES:
  - Alamofire (~> 4.5)
  - Eureka (from `https://github.com/xmartlabs/Eureka.git`, branch `feature/Xcode9-Swift3_2`)
  - MBProgressHUD
  - MJRefresh
  - SDWebImage (~> 4.0)
  - SnapKit (~> 4.0.0)
  - SwiftyJSON
  - YYCategories

EXTERNAL SOURCES:
  Eureka:
    :branch: feature/Xcode9-Swift3_2
    :git: https://github.com/xmartlabs/Eureka.git

CHECKOUT OPTIONS:
  Eureka:
    :commit: 05acfb04c24a480f1868e671d19b39e0f22fc265
    :git: https://github.com/xmartlabs/Eureka.git

SPEC CHECKSUMS:
  Alamofire: 2d95912bf4c34f164fdfc335872e8c312acaea4a
  Eureka: 5b9418d7bfdc21ca977d69d124a6409f3e9af2c7
  MBProgressHUD: 4890f671c94e8a0f3cf959aa731e9de2f036d71a
  MJRefresh: 6642e35b3227a5447b9fd5e17c552c90196c9859
  SDWebImage: cb6f9f266a9977741efcbc21e618e8be3734c774
  SnapKit: a42d492c16e80209130a3379f73596c3454b7694
  SwiftyJSON: c2842d878f95482ffceec5709abc3d05680c0220
  YYCategories: 6bcd4314c6661a561410dce4a793379ebd306abd

PODFILE CHECKSUM: f207913b91884be2a5e934e9b140f1b15f87e05f

COCOAPODS: 1.1.1
